
Microsoft Visual Studio Solution File, Format Version 12.00
# Visual Studio Version 16
VisualStudioVersion = 16.0.31702.278
MinimumVisualStudioVersion = 10.0.40219.1
Project("{9A19103F-16F7-4668-BE54-9A1E7A4F7556}") = "F1-News", "F1-News\F1-News.csproj", "{F461A501-EAA1-45FD-B3D7-2FE1A35B4663}"
EndProject
Project("{2150E333-8FDC-42A3-9474-1A3956D46DE8}") = "Solution Items", "Solution Items", "{CACC658F-67CE-4F2C-A635-A6704599B1F8}"
	ProjectSection(SolutionItems) = preProject
		.editorconfig = .editorconfig
	EndProjectSection
EndProject
Global
	GlobalSection(SolutionConfigurationPlatforms) = preSolution
		Debug|Any CPU = Debug|Any CPU
		Release|Any CPU = Release|Any CPU
	EndGlobalSection
	GlobalSection(ProjectConfigurationPlatforms) = postSolution
		{F461A501-EAA1-45FD-B3D7-2FE1A35B4663}.Debug|Any CPU.ActiveCfg = Debug|Any CPU
		{F461A501-EAA1-45FD-B3D7-2FE1A35B4663}.Debug|Any CPU.Build.0 = Debug|Any CPU
		{F461A501-EAA1-45FD-B3D7-2FE1A35B4663}.Release|Any CPU.ActiveCfg = Release|Any CPU
		{F461A501-EAA1-45FD-B3D7-2FE1A35B4663}.Release|Any CPU.Build.0 = Release|Any CPU
	EndGlobalSection
	GlobalSection(SolutionProperties) = preSolution
		HideSolutionNode = FALSE
	EndGlobalSection
	GlobalSection(ExtensibilityGlobals) = postSolution
		SolutionGuid = {34675F1D-340B-4D91-91DD-CD6D3543338F}
	EndGlobalSection
EndGlobal
